
Microsoft Visual Studio Solution File, Format Version 12.00
# Visual Studio Version 17
VisualStudioVersion = 17.5.33516.290
MinimumVisualStudioVersion = 10.0.40219.1
Project("{FAE04EC0-301F-11D3-BF4B-00C04F79EFBC}") = "BookStore", "BookStore.csproj", "{C7649FB2-FE96-413A-8DE5-104995EA8EEA}"
EndProject
Global
	GlobalSection(SolutionConfigurationPlatforms) = preSolution
		Debug|Any CPU = Debug|Any CPU
		Release|Any CPU = Release|Any CPU
	EndGlobalSection
	GlobalSection(ProjectConfigurationPlatforms) = postSolution
		{C7649FB2-FE96-413A-8DE5-104995EA8EEA}.Debug|Any CPU.ActiveCfg = Debug|Any CPU
		{C7649FB2-FE96-413A-8DE5-104995EA8EEA}.Debug|Any CPU.Build.0 = Debug|Any CPU
		{C7649FB2-FE96-413A-8DE5-104995EA8EEA}.Release|Any CPU.ActiveCfg = Release|Any CPU
		{C7649FB2-FE96-413A-8DE5-104995EA8EEA}.Release|Any CPU.Build.0 = Release|Any CPU
	EndGlobalSection
	GlobalSection(SolutionProperties) = preSolution
		HideSolutionNode = FALSE
	EndGlobalSection
	GlobalSection(ExtensibilityGlobals) = postSolution
		SolutionGuid = {C8D55DD0-FC65-4163-835A-25A4F9E20325}
	EndGlobalSection
EndGlobal
